// !$*UTF8*$!
{
	archiveVersion = 1;
	classes = {
	};
	objectVersion = 56;
	objects = {

/* Begin PBXBuildFile section */
		A2EA51982BA1FF13006133AD /* AppDelegate.swift in Sources */ = {isa = PBXBuildFile; fileRef = A2EA51972BA1FF13006133AD /* AppDelegate.swift */; };
		A2EA519C2BA1FF13006133AD /* WelcomeScreen.swift in Sources */ = {isa = PBXBuildFile; fileRef = A2EA519B2BA1FF13006133AD /* WelcomeScreen.swift */; };
		A2EA51A42BA1FF13006133AD /* Assets.xcassets in Resources */ = {isa = PBXBuildFile; fileRef = A2EA51A32BA1FF13006133AD /* Assets.xcassets */; };
		A2EA51A72BA1FF13006133AD /* Base in Resources */ = {isa = PBXBuildFile; fileRef = A2EA51A62BA1FF13006133AD /* Base */; };
		A2EA51B22BA20F42006133AD /* SetColorByCode.swift in Sources */ = {isa = PBXBuildFile; fileRef = A2EA51B12BA20F42006133AD /* SetColorByCode.swift */; };
		A2EA51B42BA21121006133AD /* Coordinator.swift in Sources */ = {isa = PBXBuildFile; fileRef = A2EA51B32BA21121006133AD /* Coordinator.swift */; };
		A2EA51B62BA23C4C006133AD /* QuizScreen.swift in Sources */ = {isa = PBXBuildFile; fileRef = A2EA51B52BA23C4C006133AD /* QuizScreen.swift */; };
		A2EA51C32BA346A7006133AD /* Cell.swift in Sources */ = {isa = PBXBuildFile; fileRef = A2EA51C22BA346A7006133AD /* Cell.swift */; };
		A2EA51C72BA364D2006133AD /* PaddingLabel.swift in Sources */ = {isa = PBXBuildFile; fileRef = A2EA51C62BA364D2006133AD /* PaddingLabel.swift */; };
		A2EA51C92BA366EB006133AD /* NewQuestionsScreen.swift in Sources */ = {isa = PBXBuildFile; fileRef = A2EA51C82BA366EB006133AD /* NewQuestionsScreen.swift */; };
		A2EA51CF2BA3C538006133AD /* CellForNewQuestions.swift in Sources */ = {isa = PBXBuildFile; fileRef = A2EA51CE2BA3C538006133AD /* CellForNewQuestions.swift */; };
		A2EA51D72BA4E196006133AD /* IQKeyboardManagerSwift in Frameworks */ = {isa = PBXBuildFile; productRef = A2EA51D62BA4E196006133AD /* IQKeyboardManagerSwift */; };
		A2EA51DA2BA4E19D006133AD /* SnapKit in Frameworks */ = {isa = PBXBuildFile; productRef = A2EA51D92BA4E19D006133AD /* SnapKit */; };
		A2EA51E12BA780D8006133AD /* CommandsForHTTP.swift in Sources */ = {isa = PBXBuildFile; fileRef = A2EA51E02BA780D8006133AD /* CommandsForHTTP.swift */; };
		A2EA51E32BA7817B006133AD /* ErrorCases.swift in Sources */ = {isa = PBXBuildFile; fileRef = A2EA51E22BA7817B006133AD /* ErrorCases.swift */; };
		A2EA51E52BA781B9006133AD /* RequestAPI.swift in Sources */ = {isa = PBXBuildFile; fileRef = A2EA51E42BA781B9006133AD /* RequestAPI.swift */; };
		A2EA51E72BA78387006133AD /* ProcessingAPI.swift in Sources */ = {isa = PBXBuildFile; fileRef = A2EA51E62BA78387006133AD /* ProcessingAPI.swift */; };
		A2EA51EA2BA92D54006133AD /* Realm in Frameworks */ = {isa = PBXBuildFile; productRef = A2EA51E92BA92D54006133AD /* Realm */; };
		A2EA51EC2BA92D54006133AD /* RealmSwift in Frameworks */ = {isa = PBXBuildFile; productRef = A2EA51EB2BA92D54006133AD /* RealmSwift */; };
		A2EA51EE2BA92FAB006133AD /* QuizModel.swift in Sources */ = {isa = PBXBuildFile; fileRef = A2EA51ED2BA92FAB006133AD /* QuizModel.swift */; };
/* End PBXBuildFile section */

/* Begin PBXFileReference section */
		A2EA51942BA1FF13006133AD /* QuizTestingProject.app */ = {isa = PBXFileReference; explicitFileType = wrapper.application; includeInIndex = 0; path = QuizTestingProject.app; sourceTree = BUILT_PRODUCTS_DIR; };
		A2EA51972BA1FF13006133AD /* AppDelegate.swift */ = {isa = PBXFileReference; lastKnownFileType = sourcecode.swift; path = AppDelegate.swift; sourceTree = "<group>"; };
		A2EA519B2BA1FF13006133AD /* WelcomeScreen.swift */ = {isa = PBXFileReference; lastKnownFileType = sourcecode.swift; path = WelcomeScreen.swift; sourceTree = "<group>"; };
		A2EA51A32BA1FF13006133AD /* Assets.xcassets */ = {isa = PBXFileReference; lastKnownFileType = folder.assetcatalog; path = Assets.xcassets; sourceTree = "<group>"; };
		A2EA51A62BA1FF13006133AD /* Base */ = {isa = PBXFileReference; lastKnownFileType = file.storyboard; name = Base; path = Base.lproj/LaunchScreen.storyboard; sourceTree = "<group>"; };
		A2EA51A82BA1FF13006133AD /* Info.plist */ = {isa = PBXFileReference; lastKnownFileType = text.plist.xml; path = Info.plist; sourceTree = "<group>"; };
		A2EA51B12BA20F42006133AD /* SetColorByCode.swift */ = {isa = PBXFileReference; lastKnownFileType = sourcecode.swift; path = SetColorByCode.swift; sourceTree = "<group>"; };
		A2EA51B32BA21121006133AD /* Coordinator.swift */ = {isa = PBXFileReference; lastKnownFileType = sourcecode.swift; path = Coordinator.swift; sourceTree = "<group>"; };
		A2EA51B52BA23C4C006133AD /* QuizScreen.swift */ = {isa = PBXFileReference; lastKnownFileType = sourcecode.swift; path = QuizScreen.swift; sourceTree = "<group>"; };
		A2EA51C22BA346A7006133AD /* Cell.swift */ = {isa = PBXFileReference; lastKnownFileType = sourcecode.swift; path = Cell.swift; sourceTree = "<group>"; };
		A2EA51C62BA364D2006133AD /* PaddingLabel.swift */ = {isa = PBXFileReference; lastKnownFileType = sourcecode.swift; path = PaddingLabel.swift; sourceTree = "<group>"; };
		A2EA51C82BA366EB006133AD /* NewQuestionsScreen.swift */ = {isa = PBXFileReference; lastKnownFileType = sourcecode.swift; path = NewQuestionsScreen.swift; sourceTree = "<group>"; };
		A2EA51CE2BA3C538006133AD /* CellForNewQuestions.swift */ = {isa = PBXFileReference; lastKnownFileType = sourcecode.swift; path = CellForNewQuestions.swift; sourceTree = "<group>"; };
		A2EA51E02BA780D8006133AD /* CommandsForHTTP.swift */ = {isa = PBXFileReference; lastKnownFileType = sourcecode.swift; path = CommandsForHTTP.swift; sourceTree = "<group>"; };
		A2EA51E22BA7817B006133AD /* ErrorCases.swift */ = {isa = PBXFileReference; lastKnownFileType = sourcecode.swift; path = ErrorCases.swift; sourceTree = "<group>"; };
		A2EA51E42BA781B9006133AD /* RequestAPI.swift */ = {isa = PBXFileReference; lastKnownFileType = sourcecode.swift; path = RequestAPI.swift; sourceTree = "<group>"; };
		A2EA51E62BA78387006133AD /* ProcessingAPI.swift */ = {isa = PBXFileReference; lastKnownFileType = sourcecode.swift; path = ProcessingAPI.swift; sourceTree = "<group>"; };
		A2EA51ED2BA92FAB006133AD /* QuizModel.swift */ = {isa = PBXFileReference; lastKnownFileType = sourcecode.swift; path = QuizModel.swift; sourceTree = "<group>"; };
/* End PBXFileReference section */

/* Begin PBXFrameworksBuildPhase section */
		A2EA51912BA1FF13006133AD /* Frameworks */ = {
			isa = PBXFrameworksBuildPhase;
			buildActionMask = 2147483647;
			files = (
				A2EA51EC2BA92D54006133AD /* RealmSwift in Frameworks */,
				A2EA51EA2BA92D54006133AD /* Realm in Frameworks */,
				A2EA51D72BA4E196006133AD /* IQKeyboardManagerSwift in Frameworks */,
				A2EA51DA2BA4E19D006133AD /* SnapKit in Frameworks */,
			);
			runOnlyForDeploymentPostprocessing = 0;
		};
/* End PBXFrameworksBuildPhase section */

/* Begin PBXGroup section */
		A2EA518B2BA1FF12006133AD = {
			isa = PBXGroup;
			children = (
				A2EA51962BA1FF13006133AD /* QuizTestingProject */,
				A2EA51952BA1FF13006133AD /* Products */,
			);
			sourceTree = "<group>";
		};
		A2EA51952BA1FF13006133AD /* Products */ = {
			isa = PBXGroup;
			children = (
				A2EA51942BA1FF13006133AD /* QuizTestingProject.app */,
			);
			name = Products;
			sourceTree = "<group>";
		};
		A2EA51962BA1FF13006133AD /* QuizTestingProject */ = {
			isa = PBXGroup;
			children = (
				A2EA51F22BAE2D80006133AD /* Screens and cells */,
				A2EA51F12BAE2D30006133AD /* API */,
				A2EA51B32BA21121006133AD /* Coordinator.swift */,
				A2EA51ED2BA92FAB006133AD /* QuizModel.swift */,
				A2EA51B12BA20F42006133AD /* SetColorByCode.swift */,
				A2EA51C62BA364D2006133AD /* PaddingLabel.swift */,
				A2EA51972BA1FF13006133AD /* AppDelegate.swift */,
				A2EA51A52BA1FF13006133AD /* LaunchScreen.storyboard */,
				A2EA51A32BA1FF13006133AD /* Assets.xcassets */,
				A2EA51A82BA1FF13006133AD /* Info.plist */,
			);
			path = QuizTestingProject;
			sourceTree = "<group>";
		};
		A2EA51F12BAE2D30006133AD /* API */ = {
			isa = PBXGroup;
			children = (
				A2EA51E42BA781B9006133AD /* RequestAPI.swift */,
				A2EA51E22BA7817B006133AD /* ErrorCases.swift */,
				A2EA51E02BA780D8006133AD /* CommandsForHTTP.swift */,
				A2EA51E62BA78387006133AD /* ProcessingAPI.swift */,
			);
			path = API;
			sourceTree = "<group>";
		};
		A2EA51F22BAE2D80006133AD /* Screens and cells */ = {
			isa = PBXGroup;
			children = (
				A2EA51C22BA346A7006133AD /* Cell.swift */,
				A2EA51CE2BA3C538006133AD /* CellForNewQuestions.swift */,
				A2EA51C82BA366EB006133AD /* NewQuestionsScreen.swift */,
				A2EA51B52BA23C4C006133AD /* QuizScreen.swift */,
				A2EA519B2BA1FF13006133AD /* WelcomeScreen.swift */,
			);
			name = "Screens and cells";
			sourceTree = "<group>";
		};
/* End PBXGroup section */

/* Begin PBXNativeTarget section */
		A2EA51932BA1FF13006133AD /* QuizTestingProject */ = {
			isa = PBXNativeTarget;
			buildConfigurationList = A2EA51AB2BA1FF13006133AD /* Build configuration list for PBXNativeTarget "QuizTestingProject" */;
			buildPhases = (
				A2EA51902BA1FF13006133AD /* Sources */,
				A2EA51912BA1FF13006133AD /* Frameworks */,
				A2EA51922BA1FF13006133AD /* Resources */,
			);
			buildRules = (
			);
			dependencies = (
			);
			name = QuizTestingProject;
			packageProductDependencies = (
				A2EA51D62BA4E196006133AD /* IQKeyboardManagerSwift */,
				A2EA51D92BA4E19D006133AD /* SnapKit */,
				A2EA51E92BA92D54006133AD /* Realm */,
				A2EA51EB2BA92D54006133AD /* RealmSwift */,
			);
			productName = QuizTestingProject;
			productReference = A2EA51942BA1FF13006133AD /* QuizTestingProject.app */;
			productType = "com.apple.product-type.application";
		};
/* End PBXNativeTarget section */

/* Begin PBXProject section */
		A2EA518C2BA1FF12006133AD /* Project object */ = {
			isa = PBXProject;
			attributes = {
				BuildIndependentTargetsInParallel = 1;
				LastSwiftUpdateCheck = 1530;
				LastUpgradeCheck = 1530;
				TargetAttributes = {
					A2EA51932BA1FF13006133AD = {
						CreatedOnToolsVersion = 15.3;
					};
				};
			};
			buildConfigurationList = A2EA518F2BA1FF12006133AD /* Build configuration list for PBXProject "QuizTestingProject" */;
			compatibilityVersion = "Xcode 14.0";
			developmentRegion = en;
			hasScannedForEncodings = 0;
			knownRegions = (
				en,
				Base,
			);
			mainGroup = A2EA518B2BA1FF12006133AD;
			packageReferences = (
				A2EA51D52BA4E196006133AD /* XCRemoteSwiftPackageReference "IQKeyboardManager" */,
				A2EA51D82BA4E19D006133AD /* XCRemoteSwiftPackageReference "SnapKit" */,
				A2EA51E82BA92D54006133AD /* XCRemoteSwiftPackageReference "realm-swift" */,
			);
			productRefGroup = A2EA51952BA1FF13006133AD /* Products */;
			projectDirPath = "";
			projectRoot = "";
			targets = (
				A2EA51932BA1FF13006133AD /* QuizTestingProject */,
			);
		};
/* End PBXProject section */

/* Begin PBXResourcesBuildPhase section */
		A2EA51922BA1FF13006133AD /* Resources */ = {
			isa = PBXResourcesBuildPhase;
			buildActionMask = 2147483647;
			files = (
				A2EA51A42BA1FF13006133AD /* Assets.xcassets in Resources */,
				A2EA51A72BA1FF13006133AD /* Base in Resources */,
			);
			runOnlyForDeploymentPostprocessing = 0;
		};
/* End PBXResourcesBuildPhase section */

/* Begin PBXSourcesBuildPhase section */
		A2EA51902BA1FF13006133AD /* Sources */ = {
			isa = PBXSourcesBuildPhase;
			buildActionMask = 2147483647;
			files = (
				A2EA51B22BA20F42006133AD /* SetColorByCode.swift in Sources */,
				A2EA519C2BA1FF13006133AD /* WelcomeScreen.swift in Sources */,
				A2EA51B62BA23C4C006133AD /* QuizScreen.swift in Sources */,
				A2EA51CF2BA3C538006133AD /* CellForNewQuestions.swift in Sources */,
				A2EA51EE2BA92FAB006133AD /* QuizModel.swift in Sources */,
				A2EA51B42BA21121006133AD /* Coordinator.swift in Sources */,
				A2EA51E12BA780D8006133AD /* CommandsForHTTP.swift in Sources */,
				A2EA51C32BA346A7006133AD /* Cell.swift in Sources */,
				A2EA51E72BA78387006133AD /* ProcessingAPI.swift in Sources */,
				A2EA51C72BA364D2006133AD /* PaddingLabel.swift in Sources */,
				A2EA51E32BA7817B006133AD /* ErrorCases.swift in Sources */,
				A2EA51982BA1FF13006133AD /* AppDelegate.swift in Sources */,
				A2EA51C92BA366EB006133AD /* NewQuestionsScreen.swift in Sources */,
				A2EA51E52BA781B9006133AD /* RequestAPI.swift in Sources */,
			);
			runOnlyForDeploymentPostprocessing = 0;
		};
/* End PBXSourcesBuildPhase section */

/* Begin PBXVariantGroup section */
		A2EA51A52BA1FF13006133AD /* LaunchScreen.storyboard */ = {
			isa = PBXVariantGroup;
			children = (
				A2EA51A62BA1FF13006133AD /* Base */,
			);
			name = LaunchScreen.storyboard;
			sourceTree = "<group>";
		};
/* End PBXVariantGroup section */

/* Begin XCBuildConfiguration section */
		A2EA51A92BA1FF13006133AD /* Debug */ = {
			isa = XCBuildConfiguration;
			buildSettings = {
				ALWAYS_SEARCH_USER_PATHS = NO;
				ASSETCATALOG_COMPILER_GENERATE_SWIFT_ASSET_SYMBOL_EXTENSIONS = YES;
				CLANG_ANALYZER_NONNULL = YES;
				CLANG_ANALYZER_NUMBER_OBJECT_CONVERSION = YES_AGGRESSIVE;
				CLANG_CXX_LANGUAGE_STANDARD = "gnu++20";
				CLANG_ENABLE_MODULES = YES;
				CLANG_ENABLE_OBJC_ARC = YES;
				CLANG_ENABLE_OBJC_WEAK = YES;
				CLANG_WARN_BLOCK_CAPTURE_AUTORELEASING = YES;
				CLANG_WARN_BOOL_CONVERSION = YES;
				CLANG_WARN_COMMA = YES;
				CLANG_WARN_CONSTANT_CONVERSION = YES;
				CLANG_WARN_DEPRECATED_OBJC_IMPLEMENTATIONS = YES;
				CLANG_WARN_DIRECT_OBJC_ISA_USAGE = YES_ERROR;
				CLANG_WARN_DOCUMENTATION_COMMENTS = YES;
				CLANG_WARN_EMPTY_BODY = YES;
				CLANG_WARN_ENUM_CONVERSION = YES;
				CLANG_WARN_INFINITE_RECURSION = YES;
				CLANG_WARN_INT_CONVERSION = YES;
				CLANG_WARN_NON_LITERAL_NULL_CONVERSION = YES;
				CLANG_WARN_OBJC_IMPLICIT_RETAIN_SELF = YES;
				CLANG_WARN_OBJC_LITERAL_CONVERSION = YES;
				CLANG_WARN_OBJC_ROOT_CLASS = YES_ERROR;
				CLANG_WARN_QUOTED_INCLUDE_IN_FRAMEWORK_HEADER = YES;
				CLANG_WARN_RANGE_LOOP_ANALYSIS = YES;
				CLANG_WARN_STRICT_PROTOTYPES = YES;
				CLANG_WARN_SUSPICIOUS_MOVE = YES;
				CLANG_WARN_UNGUARDED_AVAILABILITY = YES_AGGRESSIVE;
				CLANG_WARN_UNREACHABLE_CODE = YES;
				CLANG_WARN__DUPLICATE_METHOD_MATCH = YES;
				COPY_PHASE_STRIP = NO;
				DEBUG_INFORMATION_FORMAT = dwarf;
				ENABLE_STRICT_OBJC_MSGSEND = YES;
				ENABLE_TESTABILITY = YES;
				ENABLE_USER_SCRIPT_SANDBOXING = YES;
				GCC_C_LANGUAGE_STANDARD = gnu17;
				GCC_DYNAMIC_NO_PIC = NO;
				GCC_NO_COMMON_BLOCKS = YES;
				GCC_OPTIMIZATION_LEVEL = 0;
				GCC_PREPROCESSOR_DEFINITIONS = (
					"DEBUG=1",
					"$(inherited)",
				);
				GCC_WARN_64_TO_32_BIT_CONVERSION = YES;
				GCC_WARN_ABOUT_RETURN_TYPE = YES_ERROR;
				GCC_WARN_UNDECLARED_SELECTOR = YES;
				GCC_WARN_UNINITIALIZED_AUTOS = YES_AGGRESSIVE;
				GCC_WARN_UNUSED_FUNCTION = YES;
				GCC_WARN_UNUSED_VARIABLE = YES;
				IPHONEOS_DEPLOYMENT_TARGET = 17.4;
				LOCALIZATION_PREFERS_STRING_CATALOGS = YES;
				MTL_ENABLE_DEBUG_INFO = INCLUDE_SOURCE;
				MTL_FAST_MATH = YES;
				ONLY_ACTIVE_ARCH = YES;
				SDKROOT = iphoneos;
				SWIFT_ACTIVE_COMPILATION_CONDITIONS = "DEBUG $(inherited)";
				SWIFT_OPTIMIZATION_LEVEL = "-Onone";
			};
			name = Debug;
		};
		A2EA51AA2BA1FF13006133AD /* Release */ = {
			isa = XCBuildConfiguration;
			buildSettings = {
				ALWAYS_SEARCH_USER_PATHS = NO;
				ASSETCATALOG_COMPILER_GENERATE_SWIFT_ASSET_SYMBOL_EXTENSIONS = YES;
				CLANG_ANALYZER_NONNULL = YES;
				CLANG_ANALYZER_NUMBER_OBJECT_CONVERSION = YES_AGGRESSIVE;
				CLANG_CXX_LANGUAGE_STANDARD = "gnu++20";
				CLANG_ENABLE_MODULES = YES;
				CLANG_ENABLE_OBJC_ARC = YES;
				CLANG_ENABLE_OBJC_WEAK = YES;
				CLANG_WARN_BLOCK_CAPTURE_AUTORELEASING = YES;
				CLANG_WARN_BOOL_CONVERSION = YES;
				CLANG_WARN_COMMA = YES;
				CLANG_WARN_CONSTANT_CONVERSION = YES;
				CLANG_WARN_DEPRECATED_OBJC_IMPLEMENTATIONS = YES;
				CLANG_WARN_DIRECT_OBJC_ISA_USAGE = YES_ERROR;
				CLANG_WARN_DOCUMENTATION_COMMENTS = YES;
				CLANG_WARN_EMPTY_BODY = YES;
				CLANG_WARN_ENUM_CONVERSION = YES;
				CLANG_WARN_INFINITE_RECURSION = YES;
				CLANG_WARN_INT_CONVERSION = YES;
				CLANG_WARN_NON_LITERAL_NULL_CONVERSION = YES;
				CLANG_WARN_OBJC_IMPLICIT_RETAIN_SELF = YES;
				CLANG_WARN_OBJC_LITERAL_CONVERSION = YES;
				CLANG_WARN_OBJC_ROOT_CLASS = YES_ERROR;
				CLANG_WARN_QUOTED_INCLUDE_IN_FRAMEWORK_HEADER = YES;
				CLANG_WARN_RANGE_LOOP_ANALYSIS = YES;
				CLANG_WARN_STRICT_PROTOTYPES = YES;
				CLANG_WARN_SUSPICIOUS_MOVE = YES;
				CLANG_WARN_UNGUARDED_AVAILABILITY = YES_AGGRESSIVE;
				CLANG_WARN_UNREACHABLE_CODE = YES;
				CLANG_WARN__DUPLICATE_METHOD_MATCH = YES;
				COPY_PHASE_STRIP = NO;
				DEBUG_INFORMATION_FORMAT = "dwarf-with-dsym";
				ENABLE_NS_ASSERTIONS = NO;
				ENABLE_STRICT_OBJC_MSGSEND = YES;
				ENABLE_USER_SCRIPT_SANDBOXING = YES;
				GCC_C_LANGUAGE_STANDARD = gnu17;
				GCC_NO_COMMON_BLOCKS = YES;
				GCC_WARN_64_TO_32_BIT_CONVERSION = YES;
				GCC_WARN_ABOUT_RETURN_TYPE = YES_ERROR;
				GCC_WARN_UNDECLARED_SELECTOR = YES;
				GCC_WARN_UNINITIALIZED_AUTOS = YES_AGGRESSIVE;
				GCC_WARN_UNUSED_FUNCTION = YES;
				GCC_WARN_UNUSED_VARIABLE = YES;
				IPHONEOS_DEPLOYMENT_TARGET = 17.4;
				LOCALIZATION_PREFERS_STRING_CATALOGS = YES;
				MTL_ENABLE_DEBUG_INFO = NO;
				MTL_FAST_MATH = YES;
				SDKROOT = iphoneos;
				SWIFT_COMPILATION_MODE = wholemodule;
				VALIDATE_PRODUCT = YES;
			};
			name = Release;
		};
		A2EA51AC2BA1FF13006133AD /* Debug */ = {
			isa = XCBuildConfiguration;
			buildSettings = {
				ASSETCATALOG_COMPILER_APPICON_NAME = AppIcon;
				ASSETCATALOG_COMPILER_GLOBAL_ACCENT_COLOR_NAME = AccentColor;
				CODE_SIGN_STYLE = Automatic;
				CURRENT_PROJECT_VERSION = 1;
				DEVELOPMENT_TEAM = 4A2KG46AV7;
				GENERATE_INFOPLIST_FILE = YES;
				INFOPLIST_FILE = QuizTestingProject/Info.plist;
				INFOPLIST_KEY_UIApplicationSupportsIndirectInputEvents = YES;
				INFOPLIST_KEY_UILaunchStoryboardName = LaunchScreen;
				INFOPLIST_KEY_UIMainStoryboardFile = "";
				INFOPLIST_KEY_UISupportedInterfaceOrientations = UIInterfaceOrientationPortrait;
				INFOPLIST_KEY_UISupportedInterfaceOrientations_iPad = "UIInterfaceOrientationLandscapeLeft UIInterfaceOrientationLandscapeRight UIInterfaceOrientationPortrait UIInterfaceOrientationPortraitUpsideDown";
				LD_RUNPATH_SEARCH_PATHS = (
					"$(inherited)",
					"@executable_path/Frameworks",
				);
				MARKETING_VERSION = 1.0;
				PRODUCT_BUNDLE_IDENTIFIER = ViacheslavBelov.QuizTestingProject;
				PRODUCT_NAME = "$(TARGET_NAME)";
				SUPPORTED_PLATFORMS = "iphoneos iphonesimulator";
				SUPPORTS_MACCATALYST = NO;
				SUPPORTS_MAC_DESIGNED_FOR_IPHONE_IPAD = NO;
				SUPPORTS_XR_DESIGNED_FOR_IPHONE_IPAD = NO;
				SWIFT_EMIT_LOC_STRINGS = YES;
				SWIFT_VERSION = 5.0;
				TARGETED_DEVICE_FAMILY = 1;
			};
			name = Debug;
		};
		A2EA51AD2BA1FF13006133AD /* Release */ = {
			isa = XCBuildConfiguration;
			buildSettings = {
				ASSETCATALOG_COMPILER_APPICON_NAME = AppIcon;
				ASSETCATALOG_COMPILER_GLOBAL_ACCENT_COLOR_NAME = AccentColor;
				CODE_SIGN_STYLE = Automatic;
				CURRENT_PROJECT_VERSION = 1;
				DEVELOPMENT_TEAM = 4A2KG46AV7;
				GENERATE_INFOPLIST_FILE = YES;
				INFOPLIST_FILE = QuizTestingProject/Info.plist;
				INFOPLIST_KEY_UIApplicationSupportsIndirectInputEvents = YES;
				INFOPLIST_KEY_UILaunchStoryboardName = LaunchScreen;
				INFOPLIST_KEY_UIMainStoryboardFile = "";
				INFOPLIST_KEY_UISupportedInterfaceOrientations = UIInterfaceOrientationPortrait;
				INFOPLIST_KEY_UISupportedInterfaceOrientations_iPad = "UIInterfaceOrientationLandscapeLeft UIInterfaceOrientationLandscapeRight UIInterfaceOrientationPortrait UIInterfaceOrientationPortraitUpsideDown";
				LD_RUNPATH_SEARCH_PATHS = (
					"$(inherited)",
					"@executable_path/Frameworks",
				);
				MARKETING_VERSION = 1.0;
				PRODUCT_BUNDLE_IDENTIFIER = ViacheslavBelov.QuizTestingProject;
				PRODUCT_NAME = "$(TARGET_NAME)";
				SUPPORTED_PLATFORMS = "iphoneos iphonesimulator";
				SUPPORTS_MACCATALYST = NO;
				SUPPORTS_MAC_DESIGNED_FOR_IPHONE_IPAD = NO;
				SUPPORTS_XR_DESIGNED_FOR_IPHONE_IPAD = NO;
				SWIFT_EMIT_LOC_STRINGS = YES;
				SWIFT_VERSION = 5.0;
				TARGETED_DEVICE_FAMILY = 1;
			};
			name = Release;
		};
/* End XCBuildConfiguration section */

/* Begin XCConfigurationList section */
		A2EA518F2BA1FF12006133AD /* Build configuration list for PBXProject "QuizTestingProject" */ = {
			isa = XCConfigurationList;
			buildConfigurations = (
				A2EA51A92BA1FF13006133AD /* Debug */,
				A2EA51AA2BA1FF13006133AD /* Release */,
			);
			defaultConfigurationIsVisible = 0;
			defaultConfigurationName = Release;
		};
		A2EA51AB2BA1FF13006133AD /* Build configuration list for PBXNativeTarget "QuizTestingProject" */ = {
			isa = XCConfigurationList;
			buildConfigurations = (
				A2EA51AC2BA1FF13006133AD /* Debug */,
				A2EA51AD2BA1FF13006133AD /* Release */,
			);
			defaultConfigurationIsVisible = 0;
			defaultConfigurationName = Release;
		};
/* End XCConfigurationList section */

/* Begin XCRemoteSwiftPackageReference section */
		A2EA51D52BA4E196006133AD /* XCRemoteSwiftPackageReference "IQKeyboardManager" */ = {
			isa = XCRemoteSwiftPackageReference;
			repositoryURL = "https://github.com/hackiftekhar/IQKeyboardManager";
			requirement = {
				kind = upToNextMajorVersion;
				minimumVersion = 7.0.1;
			};
		};
		A2EA51D82BA4E19D006133AD /* XCRemoteSwiftPackageReference "SnapKit" */ = {
			isa = XCRemoteSwiftPackageReference;
			repositoryURL = "https://github.com/SnapKit/SnapKit";
			requirement = {
				kind = upToNextMajorVersion;
				minimumVersion = 5.7.1;
			};
		};
		A2EA51E82BA92D54006133AD /* XCRemoteSwiftPackageReference "realm-swift" */ = {
			isa = XCRemoteSwiftPackageReference;
			repositoryURL = "https://github.com/realm/realm-swift";
			requirement = {
				branch = master;
				kind = branch;
			};
		};
/* End XCRemoteSwiftPackageReference section */

/* Begin XCSwiftPackageProductDependency section */
		A2EA51D62BA4E196006133AD /* IQKeyboardManagerSwift */ = {
			isa = XCSwiftPackageProductDependency;
			package = A2EA51D52BA4E196006133AD /* XCRemoteSwiftPackageReference "IQKeyboardManager" */;
			productName = IQKeyboardManagerSwift;
		};
		A2EA51D92BA4E19D006133AD /* SnapKit */ = {
			isa = XCSwiftPackageProductDependency;
			package = A2EA51D82BA4E19D006133AD /* XCRemoteSwiftPackageReference "SnapKit" */;
			productName = SnapKit;
		};
		A2EA51E92BA92D54006133AD /* Realm */ = {
			isa = XCSwiftPackageProductDependency;
			package = A2EA51E82BA92D54006133AD /* XCRemoteSwiftPackageReference "realm-swift" */;
			productName = Realm;
		};
		A2EA51EB2BA92D54006133AD /* RealmSwift */ = {
			isa = XCSwiftPackageProductDependency;
			package = A2EA51E82BA92D54006133AD /* XCRemoteSwiftPackageReference "realm-swift" */;
			productName = RealmSwift;
		};
/* End XCSwiftPackageProductDependency section */
	};
	rootObject = A2EA518C2BA1FF12006133AD /* Project object */;
}
